
Microsoft Visual Studio Solution File, Format Version 12.00
# Visual Studio Version 17
VisualStudioVersion = 17.5.33502.453
MinimumVisualStudioVersion = 10.0.40219.1
Project("{FAE04EC0-301F-11D3-BF4B-00C04F79EFBC}") = "Asteria.Services.Pay", "Asteria.Services.Pay.csproj", "{7F328534-F85E-49C5-8249-09E0903ACAA4}"
EndProject
Project("{FAE04EC0-301F-11D3-BF4B-00C04F79EFBC}") = "Asteria.Services.Pay.EntityFrameworkCore", "..\Asteria.Services.Pay.EntityFrameworkCore\Asteria.Services.Pay.EntityFrameworkCore.csproj", "{104984DF-ADF3-4853-8772-36CE02120AA4}"
EndProject
Project("{FAE04EC0-301F-11D3-BF4B-00C04F79EFBC}") = "Asteria.Services.Pay.Alipay", "..\Asteria.Services.Pay.Alipay\Asteria.Services.Pay.Alipay.csproj", "{595B558D-1732-4631-AFAD-DC271E2F56B6}"
EndProject
Global
	GlobalSection(SolutionConfigurationPlatforms) = preSolution
		Debug|Any CPU = Debug|Any CPU
		Release|Any CPU = Release|Any CPU
	EndGlobalSection
	GlobalSection(ProjectConfigurationPlatforms) = postSolution
		{7F328534-F85E-49C5-8249-09E0903ACAA4}.Debug|Any CPU.ActiveCfg = Debug|Any CPU
		{7F328534-F85E-49C5-8249-09E0903ACAA4}.Debug|Any CPU.Build.0 = Debug|Any CPU
		{7F328534-F85E-49C5-8249-09E0903ACAA4}.Release|Any CPU.ActiveCfg = Release|Any CPU
		{7F328534-F85E-49C5-8249-09E0903ACAA4}.Release|Any CPU.Build.0 = Release|Any CPU
		{104984DF-ADF3-4853-8772-36CE02120AA4}.Debug|Any CPU.ActiveCfg = Debug|Any CPU
		{104984DF-ADF3-4853-8772-36CE02120AA4}.Debug|Any CPU.Build.0 = Debug|Any CPU
		{104984DF-ADF3-4853-8772-36CE02120AA4}.Release|Any CPU.ActiveCfg = Release|Any CPU
		{104984DF-ADF3-4853-8772-36CE02120AA4}.Release|Any CPU.Build.0 = Release|Any CPU
		{595B558D-1732-4631-AFAD-DC271E2F56B6}.Debug|Any CPU.ActiveCfg = Debug|Any CPU
		{595B558D-1732-4631-AFAD-DC271E2F56B6}.Debug|Any CPU.Build.0 = Debug|Any CPU
		{595B558D-1732-4631-AFAD-DC271E2F56B6}.Release|Any CPU.ActiveCfg = Release|Any CPU
		{595B558D-1732-4631-AFAD-DC271E2F56B6}.Release|Any CPU.Build.0 = Release|Any CPU
	EndGlobalSection
	GlobalSection(SolutionProperties) = preSolution
		HideSolutionNode = FALSE
	EndGlobalSection
	GlobalSection(ExtensibilityGlobals) = postSolution
		SolutionGuid = {0A8E0B2A-2C31-4FA2-85CD-66FF0ECD16EE}
	EndGlobalSection
EndGlobal
